<?xml version="1.0" encoding="utf-8"?>
<Project ToolsVersion="4.0" xmlns="http://schemas.microsoft.com/developer/msbuild/2003">
  <ItemGroup>
    <ClCompile Include="CustomAction.cpp" />
    <ClCompile Include="stdafx.cpp" />
    <ClCompile Include="SchedJsonFile.cpp" />
    <ClCompile Include="ReadJsonFileTable.cpp" />
    <ClCompile Include="ReadValueJsonFile.cpp" />
    <ClCompile Include="ExecJsonFile.cpp" />
    <ClCompile Include="ExecJsonFileRollback.cpp" />
    <ClCompile Include="UpdateJsonFile.cpp" />
    <ClCompile Include="SetJsonPathValue.cpp" />
    <ClCompile Include="DeleteJsonPath.cpp" />
    <ClCompile Include="SetJsonPathObject.cpp" />
    <ClCompile Include="Errors.cpp" />
  </ItemGroup>
  <ItemGroup>
    <ClInclude Include="stdafx.h" />
    <ClInclude Include="targetver.h" />
    <ClInclude Include="resource.h" />
    <ClInclude Include="JsonFile.h" />
  </ItemGroup>
  <ItemGroup>
    <None Include="CustomAction.def" />
    <None Include="packages.config" />
  </ItemGroup>
  <ItemGroup>
    <ResourceCompile Include="jsonca.rc" />
  </ItemGroup>
</Project>